{
  "name": "gitpod-heroku-python-ai-1",
  "version": "1.0.0",
  "lockfileVersion": 1,
  "requires": true,
  "dependencies": {
    "@sap-theming/theming-base-content": {
      "version": "11.1.27",
      "resolved": "https://registry.npmjs.org/@sap-theming/theming-base-content/-/theming-base-content-11.1.27.tgz",
      "integrity": "sha512-0ZIAs/+AMjfxSz0cTbrdrv560zGccVPRkMU/ZT8lALYQpeEpHMOgDHcNi7m2ULQ2zzciwL72hK7Xii85wGB40w=="
    },
    "@ui5/webcomponents": {
      "version": "1.0.0-rc.13",
      "resolved": "https://registry.npmjs.org/@ui5/webcomponents/-/webcomponents-1.0.0-rc.13.tgz",
      "integrity": "sha512-5zxoKDU+njY6dEitxdyeyol4JY9+9Bj6ByqRmnJOWAy6mikLF82Ms8s9XpHG1gAcy1aP89U1Pv3A4keb2BroTQ==",
      "requires": {
        "@ui5/webcomponents-base": "0.32.0",
        "@ui5/webcomponents-icons": "1.0.0-rc.13",
        "@ui5/webcomponents-ie11": "0.32.0",
        "@ui5/webcomponents-localization": "0.32.0",
        "@ui5/webcomponents-theme-base": "1.0.0-rc.13"
      }
    },
    "@ui5/webcomponents-base": {
      "version": "0.32.0",
      "resolved": "https://registry.npmjs.org/@ui5/webcomponents-base/-/webcomponents-base-0.32.0.tgz",
      "integrity": "sha512-QsqDip66RqE0gSVZ57Cod/dsn+wHYxrJfwGfUCWh5Tqmyc3P7VT0Heg3dlvNv5/vPbHthMD4OSLfR1jqMypM9g==",
      "requires": {
        "lit-html": "^1.3.0"
      }
    },
    "@ui5/webcomponents-icons": {
      "version": "1.0.0-rc.13",
      "resolved": "https://registry.npmjs.org/@ui5/webcomponents-icons/-/webcomponents-icons-1.0.0-rc.13.tgz",
      "integrity": "sha512-FtmecVghMGEubpWgGJNVekRvYK4+szcrTUw8X4D/LYpehfEE4gWvQELtZKiVm8InHqTZWuVIczgS/qd69eRWYw==",
      "requires": {
        "@ui5/webcomponents-base": "0.32.0"
      }
    },
    "@ui5/webcomponents-ie11": {
      "version": "0.32.0",
      "resolved": "https://registry.npmjs.org/@ui5/webcomponents-ie11/-/webcomponents-ie11-0.32.0.tgz",
      "integrity": "sha512-Rd3pbtdpcUPYSYXq9Q7yi6GUdVQIARrgj4Xk2UwuA7IYjgr42yqpKygG1kIqdh8lOgT8iota8Xs2Ke9bc4GAdA==",
      "requires": {
        "@ui5/webcomponents-base": "0.32.0",
        "css-vars-ponyfill": "^2.4.3",
        "regenerator-runtime": "0.13.7",
        "url-search-params-polyfill": "^8.1.0"
      }
    },
    "@ui5/webcomponents-localization": {
      "version": "0.32.0",
      "resolved": "https://registry.npmjs.org/@ui5/webcomponents-localization/-/webcomponents-localization-0.32.0.tgz",
      "integrity": "sha512-eIa0UDLKjkGcobYVJORIPqCINT5Ao7MEF+rALwBMbhiSBU+14HFA+Rzzk3DVvvdnp6mOb3i7sSOkUXP0vLH1eg==",
      "requires": {
        "@ui5/webcomponents-base": "0.32.0"
      }
    },
    "@ui5/webcomponents-theme-base": {
      "version": "1.0.0-rc.13",
      "resolved": "https://registry.npmjs.org/@ui5/webcomponents-theme-base/-/webcomponents-theme-base-1.0.0-rc.13.tgz",
      "integrity": "sha512-vDczMefK4UJKw4j/d8JJ5LHv/0pvFqA0IuTzOFG1BwDrEQfYGpDV+P50+Mtd8srlE/zGMo98nmYfMvg/I/E7eA==",
      "requires": {
        "@sap-theming/theming-base-content": "11.1.27",
        "@ui5/webcomponents-base": "0.32.0"
      }
    },
    "css-vars-ponyfill": {
      "version": "2.4.3",
      "resolved": "https://registry.npmjs.org/css-vars-ponyfill/-/css-vars-ponyfill-2.4.3.tgz",
      "integrity": "sha512-PBfIwjSu27s8kebu8taEYFM8ehVr8o2Qw4H4nSlJzHAJgcduAqxz4oPmYTJuzgauOKaWII9SHWStQ965fxsdZA=="
    },
    "lit-html": {
      "version": "1.3.0",
      "resolved": "https://registry.npmjs.org/lit-html/-/lit-html-1.3.0.tgz",
      "integrity": "sha512-0Q1bwmaFH9O14vycPHw8C/IeHMk/uSDldVLIefu/kfbTBGIc44KGH6A8p1bDfxUfHdc8q6Ct7kQklWoHgr4t1Q=="
    },
    "regenerator-runtime": {
      "version": "0.13.7",
      "resolved": "https://registry.npmjs.org/regenerator-runtime/-/regenerator-runtime-0.13.7.tgz",
      "integrity": "sha512-a54FxoJDIr27pgf7IgeQGxmqUNYrcV338lf/6gH456HZ/PhX+5BcwHXG9ajESmwe6WRO0tAzRUrRmNONWgkrew=="
    },
    "url-search-params-polyfill": {
      "version": "8.1.1",
      "resolved": "https://registry.npmjs.org/url-search-params-polyfill/-/url-search-params-polyfill-8.1.1.tgz",
      "integrity": "sha512-KmkCs6SjE6t4ihrfW9JelAPQIIIFbJweaaSLTh/4AO+c58JlDcb+GbdPt8yr5lRcFg4rPswRFRRhBGpWwh0K/Q=="
    }
  }
}
